
Microsoft Visual Studio Solution File, Format Version 11.00
# Visual Studio 2010
Project("{FAE04EC0-301F-11D3-BF4B-00C04F79EFBC}") = "Unity-Technologies-unity-arkit-plugin-b4d4bbf5f4bf", "Assembly-CSharp.csproj", "{032D1284-FA4B-5CD1-1867-4EAC334A9078}"
EndProject
Project("{FAE04EC0-301F-11D3-BF4B-00C04F79EFBC}") = "Unity-Technologies-unity-arkit-plugin-b4d4bbf5f4bf", "Assembly-CSharp-Editor.csproj", "{15DCBE49-3637-7286-5114-35C20CDE431A}"
EndProject
Global
	GlobalSection(SolutionConfigurationPlatforms) = preSolution
		Debug|Any CPU = Debug|Any CPU
		Release|Any CPU = Release|Any CPU
	EndGlobalSection
	GlobalSection(ProjectConfigurationPlatforms) = postSolution
		{032D1284-FA4B-5CD1-1867-4EAC334A9078}.Debug|Any CPU.ActiveCfg = Debug|Any CPU
		{032D1284-FA4B-5CD1-1867-4EAC334A9078}.Debug|Any CPU.Build.0 = Debug|Any CPU
		{032D1284-FA4B-5CD1-1867-4EAC334A9078}.Release|Any CPU.ActiveCfg = Release|Any CPU
		{032D1284-FA4B-5CD1-1867-4EAC334A9078}.Release|Any CPU.Build.0 = Release|Any CPU
		{15DCBE49-3637-7286-5114-35C20CDE431A}.Debug|Any CPU.ActiveCfg = Debug|Any CPU
		{15DCBE49-3637-7286-5114-35C20CDE431A}.Debug|Any CPU.Build.0 = Debug|Any CPU
		{15DCBE49-3637-7286-5114-35C20CDE431A}.Release|Any CPU.ActiveCfg = Release|Any CPU
		{15DCBE49-3637-7286-5114-35C20CDE431A}.Release|Any CPU.Build.0 = Release|Any CPU
	EndGlobalSection
	GlobalSection(SolutionProperties) = preSolution
		HideSolutionNode = FALSE
	EndGlobalSection
	GlobalSection(MonoDevelopProperties) = preSolution
		StartupItem = Assembly-CSharp.csproj
	EndGlobalSection
EndGlobal
